
Microsoft Visual Studio Solution File, Format Version 12.00
# Visual Studio Version 17
VisualStudioVersion = 17.0.31903.59
MinimumVisualStudioVersion = 10.0.40219.1
Project("{FAE04EC0-301F-11D3-BF4B-00C04F79EFBC}") = "Traq.Bot", "src\Traq.Bot\Traq.Bot.csproj", "{A7995737-B9C3-4AAD-9D7A-49693DC40178}"
EndProject
Project("{FAE04EC0-301F-11D3-BF4B-00C04F79EFBC}") = "Traq.Bot.Http", "src\Traq.Bot.Http\Traq.Bot.Http.csproj", "{76B33B53-AFB6-40BA-B386-582142FCBF92}"
EndProject
Project("{FAE04EC0-301F-11D3-BF4B-00C04F79EFBC}") = "Traq.Bot.WebSocket", "src\Traq.Bot.WebSocket\Traq.Bot.WebSocket.csproj", "{8D20E0CF-D8F3-4005-BC10-A2AA1730EADB}"
EndProject
Global
	GlobalSection(SolutionConfigurationPlatforms) = preSolution
		Debug|Any CPU = Debug|Any CPU
		Release|Any CPU = Release|Any CPU
	EndGlobalSection
	GlobalSection(ProjectConfigurationPlatforms) = postSolution
		{A7995737-B9C3-4AAD-9D7A-49693DC40178}.Debug|Any CPU.ActiveCfg = Debug|Any CPU
		{A7995737-B9C3-4AAD-9D7A-49693DC40178}.Debug|Any CPU.Build.0 = Debug|Any CPU
		{A7995737-B9C3-4AAD-9D7A-49693DC40178}.Release|Any CPU.ActiveCfg = Release|Any CPU
		{A7995737-B9C3-4AAD-9D7A-49693DC40178}.Release|Any CPU.Build.0 = Release|Any CPU
		{76B33B53-AFB6-40BA-B386-582142FCBF92}.Debug|Any CPU.ActiveCfg = Debug|Any CPU
		{76B33B53-AFB6-40BA-B386-582142FCBF92}.Debug|Any CPU.Build.0 = Debug|Any CPU
		{76B33B53-AFB6-40BA-B386-582142FCBF92}.Release|Any CPU.ActiveCfg = Release|Any CPU
		{76B33B53-AFB6-40BA-B386-582142FCBF92}.Release|Any CPU.Build.0 = Release|Any CPU
		{8D20E0CF-D8F3-4005-BC10-A2AA1730EADB}.Debug|Any CPU.ActiveCfg = Debug|Any CPU
		{8D20E0CF-D8F3-4005-BC10-A2AA1730EADB}.Debug|Any CPU.Build.0 = Debug|Any CPU
		{8D20E0CF-D8F3-4005-BC10-A2AA1730EADB}.Release|Any CPU.ActiveCfg = Release|Any CPU
		{8D20E0CF-D8F3-4005-BC10-A2AA1730EADB}.Release|Any CPU.Build.0 = Release|Any CPU
	EndGlobalSection
	GlobalSection(SolutionProperties) = preSolution
		HideSolutionNode = FALSE
	EndGlobalSection
	GlobalSection(ExtensibilityGlobals) = postSolution
		SolutionGuid = {11C894A1-C149-46BE-9F18-06A2A9706421}
	EndGlobalSection
EndGlobal
